
Microsoft Visual Studio Solution File, Format Version 12.00
# Visual Studio Version 17
VisualStudioVersion = 17.12.35707.178 d17.12
MinimumVisualStudioVersion = 10.0.40219.1
Project("{FAE04EC0-301F-11D3-BF4B-00C04F79EFBC}") = "LoyaltySystem", "LoyaltySystem\LoyaltySystem.csproj", "{56E6DE71-8A2A-4861-B3CA-7C601FC2C943}"
EndProject
Project("{FAE04EC0-301F-11D3-BF4B-00C04F79EFBC}") = "LS.API", "LS.API\LS.API.csproj", "{4777D97B-B430-4997-B54E-6AE5566EBBE5}"
EndProject
Project("{FAE04EC0-301F-11D3-BF4B-00C04F79EFBC}") = "LS.Application", "LS.Application\LS.Application.csproj", "{00E98AC7-991D-4A38-8AA0-56B85309D745}"
EndProject
Project("{FAE04EC0-301F-11D3-BF4B-00C04F79EFBC}") = "LS.Infrastructure", "LS.Infrastructure\LS.Infrastructure.csproj", "{F3CA95E5-FC87-4597-8B3A-20B1A972A56C}"
EndProject
Project("{FAE04EC0-301F-11D3-BF4B-00C04F79EFBC}") = "LS.Domain", "LS.Domain\LS.Domain.csproj", "{C163E1AD-B036-47AE-A405-6902AB91E8DF}"
EndProject
Project("{2150E333-8FDC-42A3-9474-1A3956D46DE8}") = "migrations", "migrations", "{A26863C6-497D-4285-AB47-FE77F5AF5428}"
EndProject
Project("{FAE04EC0-301F-11D3-BF4B-00C04F79EFBC}") = "LS.Data.Migrations", "LS.Data.Migrations\LS.Data.Migrations.csproj", "{7F06FC73-F213-4779-9F28-D76CE5D7B98E}"
EndProject
Project("{2150E333-8FDC-42A3-9474-1A3956D46DE8}") = "Solution Items", "Solution Items", "{85348BFA-49A3-4E3E-89CB-FBA8CB755918}"
	ProjectSection(SolutionItems) = preProject
		.dockerignore = .dockerignore
		docker-compose.override.yml = docker-compose.override.yml
		docker-compose.yml = docker-compose.yml
		Dockerfile = Dockerfile
		README.md = README.md
	EndProjectSection
EndProject
Project("{2150E333-8FDC-42A3-9474-1A3956D46DE8}") = "src", "src", "{F3A3F2EC-F35B-435F-A5F0-98633B905FF2}"
EndProject
Project("{2150E333-8FDC-42A3-9474-1A3956D46DE8}") = "test", "test", "{569D638F-F436-41A4-92C3-345B0700BFC5}"
EndProject
Project("{FAE04EC0-301F-11D3-BF4B-00C04F79EFBC}") = "LS.Test", "LS.Test\LS.Test.csproj", "{2876DE95-603A-4E6B-A189-9C07BA1F422B}"
EndProject
Global
	GlobalSection(SolutionConfigurationPlatforms) = preSolution
		Debug|Any CPU = Debug|Any CPU
		Release|Any CPU = Release|Any CPU
	EndGlobalSection
	GlobalSection(ProjectConfigurationPlatforms) = postSolution
		{56E6DE71-8A2A-4861-B3CA-7C601FC2C943}.Debug|Any CPU.ActiveCfg = Debug|Any CPU
		{56E6DE71-8A2A-4861-B3CA-7C601FC2C943}.Debug|Any CPU.Build.0 = Debug|Any CPU
		{56E6DE71-8A2A-4861-B3CA-7C601FC2C943}.Release|Any CPU.ActiveCfg = Release|Any CPU
		{56E6DE71-8A2A-4861-B3CA-7C601FC2C943}.Release|Any CPU.Build.0 = Release|Any CPU
		{4777D97B-B430-4997-B54E-6AE5566EBBE5}.Debug|Any CPU.ActiveCfg = Debug|Any CPU
		{4777D97B-B430-4997-B54E-6AE5566EBBE5}.Debug|Any CPU.Build.0 = Debug|Any CPU
		{4777D97B-B430-4997-B54E-6AE5566EBBE5}.Release|Any CPU.ActiveCfg = Release|Any CPU
		{4777D97B-B430-4997-B54E-6AE5566EBBE5}.Release|Any CPU.Build.0 = Release|Any CPU
		{00E98AC7-991D-4A38-8AA0-56B85309D745}.Debug|Any CPU.ActiveCfg = Debug|Any CPU
		{00E98AC7-991D-4A38-8AA0-56B85309D745}.Debug|Any CPU.Build.0 = Debug|Any CPU
		{00E98AC7-991D-4A38-8AA0-56B85309D745}.Release|Any CPU.ActiveCfg = Release|Any CPU
		{00E98AC7-991D-4A38-8AA0-56B85309D745}.Release|Any CPU.Build.0 = Release|Any CPU
		{F3CA95E5-FC87-4597-8B3A-20B1A972A56C}.Debug|Any CPU.ActiveCfg = Debug|Any CPU
		{F3CA95E5-FC87-4597-8B3A-20B1A972A56C}.Debug|Any CPU.Build.0 = Debug|Any CPU
		{F3CA95E5-FC87-4597-8B3A-20B1A972A56C}.Release|Any CPU.ActiveCfg = Release|Any CPU
		{F3CA95E5-FC87-4597-8B3A-20B1A972A56C}.Release|Any CPU.Build.0 = Release|Any CPU
		{C163E1AD-B036-47AE-A405-6902AB91E8DF}.Debug|Any CPU.ActiveCfg = Debug|Any CPU
		{C163E1AD-B036-47AE-A405-6902AB91E8DF}.Debug|Any CPU.Build.0 = Debug|Any CPU
		{C163E1AD-B036-47AE-A405-6902AB91E8DF}.Release|Any CPU.ActiveCfg = Release|Any CPU
		{C163E1AD-B036-47AE-A405-6902AB91E8DF}.Release|Any CPU.Build.0 = Release|Any CPU
		{7F06FC73-F213-4779-9F28-D76CE5D7B98E}.Debug|Any CPU.ActiveCfg = Debug|Any CPU
		{7F06FC73-F213-4779-9F28-D76CE5D7B98E}.Debug|Any CPU.Build.0 = Debug|Any CPU
		{7F06FC73-F213-4779-9F28-D76CE5D7B98E}.Release|Any CPU.ActiveCfg = Release|Any CPU
		{7F06FC73-F213-4779-9F28-D76CE5D7B98E}.Release|Any CPU.Build.0 = Release|Any CPU
		{2876DE95-603A-4E6B-A189-9C07BA1F422B}.Debug|Any CPU.ActiveCfg = Debug|Any CPU
		{2876DE95-603A-4E6B-A189-9C07BA1F422B}.Debug|Any CPU.Build.0 = Debug|Any CPU
		{2876DE95-603A-4E6B-A189-9C07BA1F422B}.Release|Any CPU.ActiveCfg = Release|Any CPU
		{2876DE95-603A-4E6B-A189-9C07BA1F422B}.Release|Any CPU.Build.0 = Release|Any CPU
	EndGlobalSection
	GlobalSection(SolutionProperties) = preSolution
		HideSolutionNode = FALSE
	EndGlobalSection
	GlobalSection(NestedProjects) = preSolution
		{56E6DE71-8A2A-4861-B3CA-7C601FC2C943} = {F3A3F2EC-F35B-435F-A5F0-98633B905FF2}
		{4777D97B-B430-4997-B54E-6AE5566EBBE5} = {F3A3F2EC-F35B-435F-A5F0-98633B905FF2}
		{00E98AC7-991D-4A38-8AA0-56B85309D745} = {F3A3F2EC-F35B-435F-A5F0-98633B905FF2}
		{F3CA95E5-FC87-4597-8B3A-20B1A972A56C} = {F3A3F2EC-F35B-435F-A5F0-98633B905FF2}
		{C163E1AD-B036-47AE-A405-6902AB91E8DF} = {F3A3F2EC-F35B-435F-A5F0-98633B905FF2}
		{7F06FC73-F213-4779-9F28-D76CE5D7B98E} = {A26863C6-497D-4285-AB47-FE77F5AF5428}
		{2876DE95-603A-4E6B-A189-9C07BA1F422B} = {569D638F-F436-41A4-92C3-345B0700BFC5}
	EndGlobalSection
EndGlobal
